
Microsoft Visual Studio Solution File, Format Version 12.00
# Visual Studio Version 17
VisualStudioVersion = 17.7.34031.279
MinimumVisualStudioVersion = 10.0.40219.1
Project("{2150E333-8FDC-42A3-9474-1A3956D46DE8}") = "CartingService", "CartingService", "{589DEA59-FFF8-4CC6-AF12-359E3C468D66}"
EndProject
Project("{9A19103F-16F7-4668-BE54-9A1E7A4F7556}") = "CartingService", "CartingService\CartingService\CartingService.csproj", "{94E282A5-8614-447B-9708-43BD3EBC719E}"
EndProject
Global
	GlobalSection(SolutionConfigurationPlatforms) = preSolution
		Debug|Any CPU = Debug|Any CPU
		Release|Any CPU = Release|Any CPU
	EndGlobalSection
	GlobalSection(ProjectConfigurationPlatforms) = postSolution
		{94E282A5-8614-447B-9708-43BD3EBC719E}.Debug|Any CPU.ActiveCfg = Debug|Any CPU
		{94E282A5-8614-447B-9708-43BD3EBC719E}.Debug|Any CPU.Build.0 = Debug|Any CPU
		{94E282A5-8614-447B-9708-43BD3EBC719E}.Release|Any CPU.ActiveCfg = Release|Any CPU
		{94E282A5-8614-447B-9708-43BD3EBC719E}.Release|Any CPU.Build.0 = Release|Any CPU
	EndGlobalSection
	GlobalSection(SolutionProperties) = preSolution
		HideSolutionNode = FALSE
	EndGlobalSection
	GlobalSection(NestedProjects) = preSolution
		{94E282A5-8614-447B-9708-43BD3EBC719E} = {589DEA59-FFF8-4CC6-AF12-359E3C468D66}
	EndGlobalSection
	GlobalSection(ExtensibilityGlobals) = postSolution
		SolutionGuid = {C429A706-1285-4AF8-95E2-757B616E8242}
	EndGlobalSection
EndGlobal
